FORGE
  remote: https://forgeapi.puppetlabs.com
  specs:
    puppetlabs-apache (1.2.0)
      puppetlabs-concat (>= 1.1.1)
      puppetlabs-stdlib (>= 2.4.0)
    puppetlabs-concat (1.1.2)
      puppetlabs-stdlib (< 5.0.0, >= 3.2.0)
    puppetlabs-firewall (1.2.0)
    puppetlabs-git (0.3.0)
      puppetlabs-vcsrepo (>= 0.1.0)
    puppetlabs-mysql (3.0.0)
      puppetlabs-stdlib (>= 3.2.0)
    puppetlabs-ntp (3.3.0)
      puppetlabs-stdlib (< 5.0.0, >= 3.2.0)
    puppetlabs-stdlib (4.4.0)
    puppetlabs-vcsrepo (1.2.0)
    saz-memcached (2.6.0)
      puppetlabs-firewall (>= 0.1.0)
      puppetlabs-stdlib (>= 3.2.0)
    tPl0ch-composer (1.3.3)
      puppetlabs-git (>= 0.0.2)
      puppetlabs-stdlib (>= 3.0.0)
    thias-php (1.0.0)

GIT
  remote: https://github.com/alombarte/puppet-webserverfirewall.git
  ref: master
  sha: acb0b82c021df8a9f2ead344f41d2ed595c564d5
  specs:
    alombarte-webserverfirewall (0.1.1)
      puppetlabs-firewall (= 1.2)

DEPENDENCIES
  alombarte-webserverfirewall (>= 0)
  puppetlabs-apache (= 1.2.0)
  puppetlabs-firewall (~> 1.2.0)
  puppetlabs-mysql (= 3.0.0)
  puppetlabs-ntp (= 3.3.0)
  puppetlabs-vcsrepo (= 1.2.0)
  saz-memcached (= 2.6.0)
  tPl0ch-composer (= 1.3.3)
  thias-php (= 1.0.0)

